
Microsoft Visual Studio Solution File, Format Version 12.00
# Visual Studio Version 17
VisualStudioVersion = 17.9.34723.18
MinimumVisualStudioVersion = 10.0.40219.1
Project("{FAE04EC0-301F-11D3-BF4B-00C04F79EFBC}") = "gestionEscuela", "gestionEscuela\gestionEscuela.csproj", "{5E013C9D-18EB-4E3A-A1C5-121DCDB27B18}"
EndProject
Global
	GlobalSection(SolutionConfigurationPlatforms) = preSolution
		Debug|Any CPU = Debug|Any CPU
		Release|Any CPU = Release|Any CPU
	EndGlobalSection
	GlobalSection(ProjectConfigurationPlatforms) = postSolution
		{5E013C9D-18EB-4E3A-A1C5-121DCDB27B18}.Debug|Any CPU.ActiveCfg = Debug|Any CPU
		{5E013C9D-18EB-4E3A-A1C5-121DCDB27B18}.Debug|Any CPU.Build.0 = Debug|Any CPU
		{5E013C9D-18EB-4E3A-A1C5-121DCDB27B18}.Release|Any CPU.ActiveCfg = Release|Any CPU
		{5E013C9D-18EB-4E3A-A1C5-121DCDB27B18}.Release|Any CPU.Build.0 = Release|Any CPU
	EndGlobalSection
	GlobalSection(SolutionProperties) = preSolution
		HideSolutionNode = FALSE
	EndGlobalSection
	GlobalSection(ExtensibilityGlobals) = postSolution
		SolutionGuid = {9F72B367-4CDB-4500-A8F0-9336046BF573}
	EndGlobalSection
EndGlobal
